<?xml version="1.0" encoding="UTF-8" standalone="yes" ?>
<CodeBlocks_project_file>
	<FileVersion major="1" minor="6" />
	<Project>
		<Option title="OptiX" />
		<Option pch_mode="2" />
		<Option compiler="gcc" />
		<Build>
			<Target title="debug">
				<Option output="debug/OptiX" prefix_auto="1" extension_auto="1" />
				<Option object_output="dobj/" />
				<Option type="3" />
				<Option compiler="gcc" />
				<Option createDefFile="1" />
				<Option createStaticLib="1" />
				<Compiler>
					<Add option="-Wall" />
					<Add option="-g" />
					<Add option="-ftemplate-backtrace-limit=0" />
					<Add option="-DBUILD_DLL" />
					<Add directory="include" />
				</Compiler>
				<Linker>
					<Add library="user32" />
				</Linker>
			</Target>
			<Target title="release">
				<Option output="release/OptiX" prefix_auto="1" extension_auto="1" />
				<Option object_output="robj/" />
				<Option type="3" />
				<Option compiler="gcc" />
				<Option createDefFile="1" />
				<Compiler>
					<Add option="-O2" />
					<Add option="-Wall" />
					<Add option="-ftemplate-backtrace-limit=0" />
					<Add option="-DBUILD_DLL" />
					<Add directory="include" />
				</Compiler>
				<Linker>
					<Add option="-s" />
					<Add library="user32" />
				</Linker>
			</Target>
			<Target title="test">
				<Option output="bin/test/OptiX" prefix_auto="1" extension_auto="1" />
				<Option working_dir="bin/test/" />
				<Option object_output="obj/test/" />
				<Option type="1" />
				<Option compiler="gcc" />
				<Compiler>
					<Add option="-g" />
					<Add option="-ftemplate-backtrace-limit=0" />
					<Add option="-DNO_DLL" />
					<Add directory="include" />
				</Compiler>
			</Target>
			<Target title="Test(release)">
				<Option output="bin/test/OptiX" prefix_auto="1" extension_auto="1" />
				<Option working_dir="bin/test/" />
				<Option object_output="obj/test/" />
				<Option type="1" />
				<Option compiler="gcc" />
				<Compiler>
					<Add option="-O2" />
					<Add option="-Wall" />
					<Add option="-ftemplate-backtrace-limit=0" />
					<Add option="-DNO_DLL" />
					<Add directory="include" />
				</Compiler>
				<Linker>
					<Add option="-s" />
				</Linker>
			</Target>
			<Target title="Librarytest">
				<Option output="bin/Librarytest/OptiX" prefix_auto="1" extension_auto="1" />
				<Option working_dir="bin/Librarytest/" />
				<Option object_output="obj/Librarytest/" />
				<Option type="1" />
				<Option compiler="gcc" />
				<Compiler>
					<Add option="-O2" />
					<Add directory="include" />
				</Compiler>
				<Linker>
					<Add option="-s" />
					<Add library="OptiX" />
					<Add directory="release" />
				</Linker>
			</Target>
		</Build>
		<Compiler>
			<Add option="-fopenmp" />
			<Add directory="include" />
			<Add directory="D:/projets/projetsCB/eigen-3.3.9" />
			<Add directory="D:/projets/projetsCB/OptiX/" />
			<Add directory="../libxml2-2/include/libxml2" />
			<Add directory="../nfft-3.5.2-dll64-openmp" />
		</Compiler>
		<Linker>
			<Add library="libxml2.a" />
			<Add library="nfft3_threads-4" />
			<Add directory="../libxml2-2/lib" />
			<Add directory="../libxml2-2/bin" />
			<Add directory="../nfft-3.5.2-dll64-openmp" />
		</Linker>
		<Unit filename="LibTest.c">
			<Option compilerVar="CC" />
			<Option target="Librarytest" />
		</Unit>
		<Unit filename="SolemioTest.cpp">
			<Option target="test" />
			<Option target="Test(release)" />
		</Unit>
		<Unit filename="include/ApertureStop.h">
			<Option target="debug" />
			<Option target="release" />
			<Option target="test" />
			<Option target="Test(release)" />
		</Unit>
		<Unit filename="include/ConicBaseCylinder.h">
			<Option target="debug" />
			<Option target="test" />
			<Option target="Test(release)" />
			<Option target="release" />
		</Unit>
		<Unit filename="include/EigenSafeInclude.h">
			<Option target="debug" />
			<Option target="release" />
			<Option target="test" />
			<Option target="Test(release)" />
		</Unit>
		<Unit filename="include/Ellipse.h">
			<Option target="debug" />
			<Option target="release" />
			<Option target="test" />
			<Option target="Test(release)" />
		</Unit>
		<Unit filename="include/OptixException.h">
			<Option target="debug" />
			<Option target="release" />
			<Option target="test" />
			<Option target="Test(release)" />
		</Unit>
		<Unit filename="include/Poly1D.h">
			<Option target="debug" />
			<Option target="release" />
			<Option target="test" />
			<Option target="Test(release)" />
		</Unit>
		<Unit filename="include/Polygon.h">
			<Option target="debug" />
			<Option target="release" />
			<Option target="test" />
			<Option target="Test(release)" />
		</Unit>
		<Unit filename="include/ReflectivityAPI.h">
			<Option target="Librarytest" />
		</Unit>
		<Unit filename="include/Region.h">
			<Option target="debug" />
			<Option target="release" />
			<Option target="test" />
			<Option target="Test(release)" />
		</Unit>
		<Unit filename="include/RevolutionQuadric.h">
			<Option target="debug" />
			<Option target="test" />
			<Option target="Test(release)" />
			<Option target="release" />
		</Unit>
		<Unit filename="include/apertureAPI.h">
			<Option target="debug" />
			<Option target="release" />
			<Option target="test" />
			<Option target="Test(release)" />
		</Unit>
		<Unit filename="include/collections.h">
			<Option target="debug" />
			<Option target="release" />
			<Option target="test" />
			<Option target="Test(release)" />
		</Unit>
		<Unit filename="include/ctypes.h" />
		<Unit filename="include/cylinder.h">
			<Option target="debug" />
			<Option target="release" />
			<Option target="test" />
			<Option target="Test(release)" />
		</Unit>
		<Unit filename="include/elementbase.h">
			<Option target="debug" />
			<Option target="release" />
			<Option target="test" />
			<Option target="Test(release)" />
		</Unit>
		<Unit filename="include/files.h">
			<Option target="debug" />
			<Option target="release" />
			<Option target="test" />
			<Option target="Test(release)" />
		</Unit>
		<Unit filename="include/gratingbase.h">
			<Option target="debug" />
			<Option target="release" />
			<Option target="test" />
			<Option target="Test(release)" />
		</Unit>
		<Unit filename="include/holo.h">
			<Option target="debug" />
			<Option target="release" />
			<Option target="test" />
			<Option target="Test(release)" />
		</Unit>
		<Unit filename="include/interface.h">
			<Option target="debug" />
			<Option target="release" />
			<Option target="test" />
			<Option target="Test(release)" />
		</Unit>
		<Unit filename="include/opticalelements.h">
			<Option target="debug" />
			<Option target="release" />
			<Option target="test" />
			<Option target="Test(release)" />
		</Unit>
		<Unit filename="include/plane.h">
			<Option target="debug" />
			<Option target="release" />
			<Option target="test" />
			<Option target="Test(release)" />
		</Unit>
		<Unit filename="include/quadric.h">
			<Option target="debug" />
			<Option target="release" />
			<Option target="test" />
			<Option target="Test(release)" />
		</Unit>
		<Unit filename="include/ray.h">
			<Option target="debug" />
			<Option target="release" />
			<Option target="test" />
			<Option target="Test(release)" />
		</Unit>
		<Unit filename="include/raybase.h">
			<Option target="debug" />
			<Option target="release" />
			<Option target="test" />
			<Option target="Test(release)" />
		</Unit>
		<Unit filename="include/sourcebase.h">
			<Option target="debug" />
			<Option target="release" />
			<Option target="test" />
			<Option target="Test(release)" />
		</Unit>
		<Unit filename="include/sources.h">
			<Option target="debug" />
			<Option target="release" />
			<Option target="test" />
			<Option target="Test(release)" />
		</Unit>
		<Unit filename="include/sphere.h">
			<Option target="debug" />
			<Option target="release" />
			<Option target="test" />
			<Option target="Test(release)" />
		</Unit>
		<Unit filename="include/surface.h">
			<Option target="debug" />
			<Option target="release" />
			<Option target="test" />
			<Option target="Test(release)" />
		</Unit>
		<Unit filename="include/toroid.h">
			<Option target="debug" />
			<Option target="release" />
			<Option target="test" />
			<Option target="Test(release)" />
		</Unit>
		<Unit filename="include/types.h">
			<Option target="debug" />
			<Option target="release" />
			<Option target="test" />
			<Option target="Test(release)" />
		</Unit>
		<Unit filename="include/version.h">
			<Option target="debug" />
			<Option target="release" />
		</Unit>
		<Unit filename="include/wavefront.h">
			<Option target="debug" />
			<Option target="release" />
			<Option target="test" />
			<Option target="Test(release)" />
		</Unit>
		<Unit filename="include/xmlfile.h">
			<Option target="debug" />
			<Option target="release" />
			<Option target="test" />
			<Option target="Test(release)" />
		</Unit>
		<Unit filename="src/ApertureStop.cpp">
			<Option target="debug" />
			<Option target="release" />
			<Option target="test" />
			<Option target="Test(release)" />
		</Unit>
		<Unit filename="src/ConicBaseCylinder.cpp">
			<Option target="debug" />
			<Option target="test" />
			<Option target="Test(release)" />
			<Option target="release" />
		</Unit>
		<Unit filename="src/Ellipse.cpp">
			<Option target="debug" />
			<Option target="release" />
			<Option target="test" />
			<Option target="Test(release)" />
		</Unit>
		<Unit filename="src/Poly1D.cpp">
			<Option target="debug" />
			<Option target="release" />
			<Option target="test" />
			<Option target="Test(release)" />
		</Unit>
		<Unit filename="src/Polygon.cpp">
			<Option target="debug" />
			<Option target="release" />
			<Option target="test" />
			<Option target="Test(release)" />
		</Unit>
		<Unit filename="src/ReflectivityAPI.cpp">
			<Option target="&lt;{~None~}&gt;" />
		</Unit>
		<Unit filename="src/RevolutionQuadric.cpp">
			<Option target="debug" />
			<Option target="test" />
			<Option target="Test(release)" />
			<Option target="release" />
		</Unit>
		<Unit filename="src/ToroidComplexSolver.cpp">
			<Option target="debug" />
			<Option target="release" />
			<Option target="test" />
			<Option target="Test(release)" />
		</Unit>
		<Unit filename="src/ToroidSolver.cpp">
			<Option target="debug" />
			<Option target="release" />
			<Option target="test" />
			<Option target="Test(release)" />
		</Unit>
		<Unit filename="src/Wigner3j.f95">
			<Option target="&lt;{~None~}&gt;" />
		</Unit>
		<Unit filename="src/apertureAPI.cpp">
			<Option target="debug" />
			<Option target="release" />
			<Option target="test" />
			<Option target="Test(release)" />
		</Unit>
		<Unit filename="src/collections.cpp">
			<Option target="debug" />
			<Option target="release" />
			<Option target="test" />
			<Option target="Test(release)" />
		</Unit>
		<Unit filename="src/cylinder.cpp">
			<Option target="debug" />
			<Option target="release" />
			<Option target="test" />
			<Option target="Test(release)" />
		</Unit>
		<Unit filename="src/elementbase.cpp">
			<Option target="debug" />
			<Option target="release" />
			<Option target="test" />
			<Option target="Test(release)" />
		</Unit>
		<Unit filename="src/files.cpp">
			<Option target="debug" />
			<Option target="release" />
			<Option target="test" />
			<Option target="Test(release)" />
		</Unit>
		<Unit filename="src/ftypes.f95">
			<Option target="&lt;{~None~}&gt;" />
		</Unit>
		<Unit filename="src/gratingbase.cpp">
			<Option target="debug" />
			<Option target="release" />
			<Option target="test" />
			<Option target="Test(release)" />
		</Unit>
		<Unit filename="src/holo.cpp">
			<Option target="debug" />
			<Option target="release" />
			<Option target="test" />
			<Option target="Test(release)" />
		</Unit>
		<Unit filename="src/interface.cpp">
			<Option target="debug" />
			<Option target="release" />
			<Option target="test" />
			<Option target="Test(release)" />
		</Unit>
		<Unit filename="src/opticalelements.cpp">
			<Option target="debug" />
			<Option target="release" />
			<Option target="test" />
			<Option target="Test(release)" />
		</Unit>
		<Unit filename="src/plane.cpp">
			<Option target="debug" />
			<Option target="release" />
			<Option target="test" />
			<Option target="Test(release)" />
		</Unit>
		<Unit filename="src/quadric.cpp">
			<Option target="debug" />
			<Option target="release" />
			<Option target="test" />
			<Option target="Test(release)" />
		</Unit>
		<Unit filename="src/sourcebase.cpp">
			<Option target="debug" />
			<Option target="release" />
			<Option target="test" />
			<Option target="Test(release)" />
		</Unit>
		<Unit filename="src/sources.cpp">
			<Option target="debug" />
			<Option target="release" />
			<Option target="test" />
			<Option target="Test(release)" />
		</Unit>
		<Unit filename="src/sphere.cpp">
			<Option target="debug" />
			<Option target="release" />
			<Option target="test" />
			<Option target="Test(release)" />
		</Unit>
		<Unit filename="src/surface.cpp">
			<Option target="debug" />
			<Option target="release" />
			<Option target="test" />
			<Option target="Test(release)" />
		</Unit>
		<Unit filename="src/toroid.cpp">
			<Option target="debug" />
			<Option target="release" />
			<Option target="test" />
			<Option target="Test(release)" />
		</Unit>
		<Unit filename="src/wavefront.cpp">
			<Option target="debug" />
			<Option target="release" />
			<Option target="test" />
			<Option target="Test(release)" />
		</Unit>
		<Unit filename="src/xmlfile.cpp">
			<Option target="debug" />
			<Option target="release" />
			<Option target="test" />
			<Option target="Test(release)" />
		</Unit>
		<Unit filename="test.cpp">
			<Option target="test" />
			<Option target="Test(release)" />
		</Unit>
		<Extensions>
			<AutoVersioning>
				<Scheme minor_max="20" build_max="0" rev_max="0" rev_rand_max="1" build_times_to_increment_minor="500" />
				<Settings autoincrement="1" date_declarations="1" use_define="0" update_manifest="1" do_auto_increment="1" ask_to_increment="0" language="C++" svn="0" svn_directory="" header_path="include\version.h" />
				<Changes_Log show_changes_editor="0" app_title="released version %M.%m.%b of %p" changeslog_path="ChangesLog.txt" />
				<Code header_guard="VERSION_H" namespace="AutoVersion" prefix="" />
			</AutoVersioning>
			<DoxyBlocks>
				<comment_style block="0" line="0" />
				<doxyfile_project />
				<doxyfile_build />
				<doxyfile_warnings />
				<doxyfile_output />
				<doxyfile_dot />
				<general />
			</DoxyBlocks>
			<lib_finder disable_auto="1" />
		</Extensions>
	</Project>
</CodeBlocks_project_file>
